
Microsoft Visual Studio Solution File, Format Version 12.00
# Visual Studio Version 17
VisualStudioVersion = 17.4.33110.190
MinimumVisualStudioVersion = 10.0.40219.1
Project("{9A19103F-16F7-4668-BE54-9A1E7A4F7556}") = "GetApiHealthConsole", "GetApiHealthConsole\GetApiHealthConsole.csproj", "{31CF736F-CAF5-40EF-9E32-CC98E6B8BB52}"
EndProject
Project("{FAE04EC0-301F-11D3-BF4B-00C04F79EFBC}") = "RestSharpHelperConsole", "RestSharpHelperConsole\RestSharpHelperConsole.csproj", "{A8576600-C5BD-4A32-8ABF-4D774C7F7980}"
EndProject
Global
	GlobalSection(SolutionConfigurationPlatforms) = preSolution
		Debug|Any CPU = Debug|Any CPU
		Release|Any CPU = Release|Any CPU
	EndGlobalSection
	GlobalSection(ProjectConfigurationPlatforms) = postSolution
		{31CF736F-CAF5-40EF-9E32-CC98E6B8BB52}.Debug|Any CPU.ActiveCfg = Debug|Any CPU
		{31CF736F-CAF5-40EF-9E32-CC98E6B8BB52}.Debug|Any CPU.Build.0 = Debug|Any CPU
		{31CF736F-CAF5-40EF-9E32-CC98E6B8BB52}.Release|Any CPU.ActiveCfg = Release|Any CPU
		{31CF736F-CAF5-40EF-9E32-CC98E6B8BB52}.Release|Any CPU.Build.0 = Release|Any CPU
		{A8576600-C5BD-4A32-8ABF-4D774C7F7980}.Debug|Any CPU.ActiveCfg = Debug|Any CPU
		{A8576600-C5BD-4A32-8ABF-4D774C7F7980}.Debug|Any CPU.Build.0 = Debug|Any CPU
		{A8576600-C5BD-4A32-8ABF-4D774C7F7980}.Release|Any CPU.ActiveCfg = Release|Any CPU
		{A8576600-C5BD-4A32-8ABF-4D774C7F7980}.Release|Any CPU.Build.0 = Release|Any CPU
	EndGlobalSection
	GlobalSection(SolutionProperties) = preSolution
		HideSolutionNode = FALSE
	EndGlobalSection
	GlobalSection(ExtensibilityGlobals) = postSolution
		SolutionGuid = {03D4CBFE-7F4E-4814-BF02-F54B49773C1B}
	EndGlobalSection
EndGlobal
